// !$*UTF8*$!
{
	archiveVersion = 1;
	classes = {
	};
	objectVersion = 56;
	objects = {

/* Begin PBXBuildFile section */
		C170E3232C3B323400127664 /* KeepAwaykApp.swift in Sources */ = {isa = PBXBuildFile; fileRef = C170E3222C3B323400127664 /* KeepAwaykApp.swift */; };
		C170E3252C3B323400127664 /* ContentView.swift in Sources */ = {isa = PBXBuildFile; fileRef = C170E3242C3B323400127664 /* ContentView.swift */; };
		C170E3272C3B323500127664 /* Assets.xcassets in Resources */ = {isa = PBXBuildFile; fileRef = C170E3262C3B323500127664 /* Assets.xcassets */; };
		C170E32A2C3B323500127664 /* Preview Assets.xcassets in Resources */ = {isa = PBXBuildFile; fileRef = C170E3292C3B323500127664 /* Preview Assets.xcassets */; };
		C170E3352C3B323500127664 /* KeepAwaykTests.swift in Sources */ = {isa = PBXBuildFile; fileRef = C170E3342C3B323500127664 /* KeepAwaykTests.swift */; };
		C170E33F2C3B323500127664 /* KeepAwaykUITests.swift in Sources */ = {isa = PBXBuildFile; fileRef = C170E33E2C3B323500127664 /* KeepAwaykUITests.swift */; };
		C170E3412C3B323500127664 /* KeepAwaykUITestsLaunchTests.swift in Sources */ = {isa = PBXBuildFile; fileRef = C170E3402C3B323500127664 /* KeepAwaykUITestsLaunchTests.swift */; };
/* End PBXBuildFile section */

/* Begin PBXContainerItemProxy section */
		C170E3312C3B323500127664 /* PBXContainerItemProxy */ = {
			isa = PBXContainerItemProxy;
			containerPortal = C170E3172C3B323400127664 /* Project object */;
			proxyType = 1;
			remoteGlobalIDString = C170E31E2C3B323400127664;
			remoteInfo = KeepAwayk;
		};
		C170E33B2C3B323500127664 /* PBXContainerItemProxy */ = {
			isa = PBXContainerItemProxy;
			containerPortal = C170E3172C3B323400127664 /* Project object */;
			proxyType = 1;
			remoteGlobalIDString = C170E31E2C3B323400127664;
			remoteInfo = KeepAwayk;
		};
/* End PBXContainerItemProxy section */

/* Begin PBXFileReference section */
		C170E31F2C3B323400127664 /* KeepAwayk.app */ = {isa = PBXFileReference; explicitFileType = wrapper.application; includeInIndex = 0; path = KeepAwayk.app; sourceTree = BUILT_PRODUCTS_DIR; };
		C170E3222C3B323400127664 /* KeepAwaykApp.swift */ = {isa = PBXFileReference; lastKnownFileType = sourcecode.swift; path = KeepAwaykApp.swift; sourceTree = "<group>"; };
		C170E3242C3B323400127664 /* ContentView.swift */ = {isa = PBXFileReference; lastKnownFileType = sourcecode.swift; path = ContentView.swift; sourceTree = "<group>"; };
		C170E3262C3B323500127664 /* Assets.xcassets */ = {isa = PBXFileReference; lastKnownFileType = folder.assetcatalog; path = Assets.xcassets; sourceTree = "<group>"; };
		C170E3292C3B323500127664 /* Preview Assets.xcassets */ = {isa = PBXFileReference; lastKnownFileType = folder.assetcatalog; path = "Preview Assets.xcassets"; sourceTree = "<group>"; };
		C170E32B2C3B323500127664 /* KeepAwayk.entitlements */ = {isa = PBXFileReference; lastKnownFileType = text.plist.entitlements; path = KeepAwayk.entitlements; sourceTree = "<group>"; };
		C170E3302C3B323500127664 /* KeepAwaykTests.xctest */ = {isa = PBXFileReference; explicitFileType = wrapper.cfbundle; includeInIndex = 0; path = KeepAwaykTests.xctest; sourceTree = BUILT_PRODUCTS_DIR; };
		C170E3342C3B323500127664 /* KeepAwaykTests.swift */ = {isa = PBXFileReference; lastKnownFileType = sourcecode.swift; path = KeepAwaykTests.swift; sourceTree = "<group>"; };
		C170E33A2C3B323500127664 /* KeepAwaykUITests.xctest */ = {isa = PBXFileReference; explicitFileType = wrapper.cfbundle; includeInIndex = 0; path = KeepAwaykUITests.xctest; sourceTree = BUILT_PRODUCTS_DIR; };
		C170E33E2C3B323500127664 /* KeepAwaykUITests.swift */ = {isa = PBXFileReference; lastKnownFileType = sourcecode.swift; path = KeepAwaykUITests.swift; sourceTree = "<group>"; };
		C170E3402C3B323500127664 /* KeepAwaykUITestsLaunchTests.swift */ = {isa = PBXFileReference; lastKnownFileType = sourcecode.swift; path = KeepAwaykUITestsLaunchTests.swift; sourceTree = "<group>"; };
		C1B8B92B2C3B618F001F947A /* Info.plist */ = {isa = PBXFileReference; lastKnownFileType = text.plist; path = Info.plist; sourceTree = "<group>"; };
/* End PBXFileReference section */

/* Begin PBXFrameworksBuildPhase section */
		C170E31C2C3B323400127664 /* Frameworks */ = {
			isa = PBXFrameworksBuildPhase;
			buildActionMask = 2147483647;
			files = (
			);
			runOnlyForDeploymentPostprocessing = 0;
		};
		C170E32D2C3B323500127664 /* Frameworks */ = {
			isa = PBXFrameworksBuildPhase;
			buildActionMask = 2147483647;
			files = (
			);
			runOnlyForDeploymentPostprocessing = 0;
		};
		C170E3372C3B323500127664 /* Frameworks */ = {
			isa = PBXFrameworksBuildPhase;
			buildActionMask = 2147483647;
			files = (
			);
			runOnlyForDeploymentPostprocessing = 0;
		};
/* End PBXFrameworksBuildPhase section */

/* Begin PBXGroup section */
		C170E3162C3B323400127664 = {
			isa = PBXGroup;
			children = (
				C170E3212C3B323400127664 /* KeepAwayk */,
				C170E3332C3B323500127664 /* KeepAwaykTests */,
				C170E33D2C3B323500127664 /* KeepAwaykUITests */,
				C170E3202C3B323400127664 /* Products */,
			);
			sourceTree = "<group>";
		};
		C170E3202C3B323400127664 /* Products */ = {
			isa = PBXGroup;
			children = (
				C170E31F2C3B323400127664 /* KeepAwayk.app */,
				C170E3302C3B323500127664 /* KeepAwaykTests.xctest */,
				C170E33A2C3B323500127664 /* KeepAwaykUITests.xctest */,
			);
			name = Products;
			sourceTree = "<group>";
		};
		C170E3212C3B323400127664 /* KeepAwayk */ = {
			isa = PBXGroup;
			children = (
				C1B8B92B2C3B618F001F947A /* Info.plist */,
				C170E3222C3B323400127664 /* KeepAwaykApp.swift */,
				C170E3242C3B323400127664 /* ContentView.swift */,
				C170E3262C3B323500127664 /* Assets.xcassets */,
				C170E32B2C3B323500127664 /* KeepAwayk.entitlements */,
				C170E3282C3B323500127664 /* Preview Content */,
			);
			path = KeepAwayk;
			sourceTree = "<group>";
		};
		C170E3282C3B323500127664 /* Preview Content */ = {
			isa = PBXGroup;
			children = (
				C170E3292C3B323500127664 /* Preview Assets.xcassets */,
			);
			path = "Preview Content";
			sourceTree = "<group>";
		};
		C170E3332C3B323500127664 /* KeepAwaykTests */ = {
			isa = PBXGroup;
			children = (
				C170E3342C3B323500127664 /* KeepAwaykTests.swift */,
			);
			path = KeepAwaykTests;
			sourceTree = "<group>";
		};
		C170E33D2C3B323500127664 /* KeepAwaykUITests */ = {
			isa = PBXGroup;
			children = (
				C170E33E2C3B323500127664 /* KeepAwaykUITests.swift */,
				C170E3402C3B323500127664 /* KeepAwaykUITestsLaunchTests.swift */,
			);
			path = KeepAwaykUITests;
			sourceTree = "<group>";
		};
/* End PBXGroup section */

/* Begin PBXNativeTarget section */
		C170E31E2C3B323400127664 /* KeepAwayk */ = {
			isa = PBXNativeTarget;
			buildConfigurationList = C170E3442C3B323500127664 /* Build configuration list for PBXNativeTarget "KeepAwayk" */;
			buildPhases = (
				C170E31B2C3B323400127664 /* Sources */,
				C170E31C2C3B323400127664 /* Frameworks */,
				C170E31D2C3B323400127664 /* Resources */,
			);
			buildRules = (
			);
			dependencies = (
			);
			name = KeepAwayk;
			productName = KeepAwayk;
			productReference = C170E31F2C3B323400127664 /* KeepAwayk.app */;
			productType = "com.apple.product-type.application";
		};
		C170E32F2C3B323500127664 /* KeepAwaykTests */ = {
			isa = PBXNativeTarget;
			buildConfigurationList = C170E3472C3B323500127664 /* Build configuration list for PBXNativeTarget "KeepAwaykTests" */;
			buildPhases = (
				C170E32C2C3B323500127664 /* Sources */,
				C170E32D2C3B323500127664 /* Frameworks */,
				C170E32E2C3B323500127664 /* Resources */,
			);
			buildRules = (
			);
			dependencies = (
				C170E3322C3B323500127664 /* PBXTargetDependency */,
			);
			name = KeepAwaykTests;
			productName = KeepAwaykTests;
			productReference = C170E3302C3B323500127664 /* KeepAwaykTests.xctest */;
			productType = "com.apple.product-type.bundle.unit-test";
		};
		C170E3392C3B323500127664 /* KeepAwaykUITests */ = {
			isa = PBXNativeTarget;
			buildConfigurationList = C170E34A2C3B323500127664 /* Build configuration list for PBXNativeTarget "KeepAwaykUITests" */;
			buildPhases = (
				C170E3362C3B323500127664 /* Sources */,
				C170E3372C3B323500127664 /* Frameworks */,
				C170E3382C3B323500127664 /* Resources */,
			);
			buildRules = (
			);
			dependencies = (
				C170E33C2C3B323500127664 /* PBXTargetDependency */,
			);
			name = KeepAwaykUITests;
			productName = KeepAwaykUITests;
			productReference = C170E33A2C3B323500127664 /* KeepAwaykUITests.xctest */;
			productType = "com.apple.product-type.bundle.ui-testing";
		};
/* End PBXNativeTarget section */

/* Begin PBXProject section */
		C170E3172C3B323400127664 /* Project object */ = {
			isa = PBXProject;
			attributes = {
				BuildIndependentTargetsInParallel = 1;
				LastSwiftUpdateCheck = 1540;
				LastUpgradeCheck = 1540;
				TargetAttributes = {
					C170E31E2C3B323400127664 = {
						CreatedOnToolsVersion = 15.4;
					};
					C170E32F2C3B323500127664 = {
						CreatedOnToolsVersion = 15.4;
						TestTargetID = C170E31E2C3B323400127664;
					};
					C170E3392C3B323500127664 = {
						CreatedOnToolsVersion = 15.4;
						TestTargetID = C170E31E2C3B323400127664;
					};
				};
			};
			buildConfigurationList = C170E31A2C3B323400127664 /* Build configuration list for PBXProject "KeepAwayk" */;
			compatibilityVersion = "Xcode 14.0";
			developmentRegion = en;
			hasScannedForEncodings = 0;
			knownRegions = (
				en,
				Base,
			);
			mainGroup = C170E3162C3B323400127664;
			productRefGroup = C170E3202C3B323400127664 /* Products */;
			projectDirPath = "";
			projectRoot = "";
			targets = (
				C170E31E2C3B323400127664 /* KeepAwayk */,
				C170E32F2C3B323500127664 /* KeepAwaykTests */,
				C170E3392C3B323500127664 /* KeepAwaykUITests */,
			);
		};
/* End PBXProject section */

/* Begin PBXResourcesBuildPhase section */
		C170E31D2C3B323400127664 /* Resources */ = {
			isa = PBXResourcesBuildPhase;
			buildActionMask = 2147483647;
			files = (
				C170E32A2C3B323500127664 /* Preview Assets.xcassets in Resources */,
				C170E3272C3B323500127664 /* Assets.xcassets in Resources */,
			);
			runOnlyForDeploymentPostprocessing = 0;
		};
		C170E32E2C3B323500127664 /* Resources */ = {
			isa = PBXResourcesBuildPhase;
			buildActionMask = 2147483647;
			files = (
			);
			runOnlyForDeploymentPostprocessing = 0;
		};
		C170E3382C3B323500127664 /* Resources */ = {
			isa = PBXResourcesBuildPhase;
			buildActionMask = 2147483647;
			files = (
			);
			runOnlyForDeploymentPostprocessing = 0;
		};
/* End PBXResourcesBuildPhase section */

/* Begin PBXSourcesBuildPhase section */
		C170E31B2C3B323400127664 /* Sources */ = {
			isa = PBXSourcesBuildPhase;
			buildActionMask = 2147483647;
			files = (
				C170E3252C3B323400127664 /* ContentView.swift in Sources */,
				C170E3232C3B323400127664 /* KeepAwaykApp.swift in Sources */,
			);
			runOnlyForDeploymentPostprocessing = 0;
		};
		C170E32C2C3B323500127664 /* Sources */ = {
			isa = PBXSourcesBuildPhase;
			buildActionMask = 2147483647;
			files = (
				C170E3352C3B323500127664 /* KeepAwaykTests.swift in Sources */,
			);
			runOnlyForDeploymentPostprocessing = 0;
		};
		C170E3362C3B323500127664 /* Sources */ = {
			isa = PBXSourcesBuildPhase;
			buildActionMask = 2147483647;
			files = (
				C170E33F2C3B323500127664 /* KeepAwaykUITests.swift in Sources */,
				C170E3412C3B323500127664 /* KeepAwaykUITestsLaunchTests.swift in Sources */,
			);
			runOnlyForDeploymentPostprocessing = 0;
		};
/* End PBXSourcesBuildPhase section */

/* Begin PBXTargetDependency section */
		C170E3322C3B323500127664 /* PBXTargetDependency */ = {
			isa = PBXTargetDependency;
			target = C170E31E2C3B323400127664 /* KeepAwayk */;
			targetProxy = C170E3312C3B323500127664 /* PBXContainerItemProxy */;
		};
		C170E33C2C3B323500127664 /* PBXTargetDependency */ = {
			isa = PBXTargetDependency;
			target = C170E31E2C3B323400127664 /* KeepAwayk */;
			targetProxy = C170E33B2C3B323500127664 /* PBXContainerItemProxy */;
		};
/* End PBXTargetDependency section */

/* Begin XCBuildConfiguration section */
		C170E3422C3B323500127664 /* Debug */ = {
			isa = XCBuildConfiguration;
			buildSettings = {
				ALWAYS_SEARCH_USER_PATHS = NO;
				ASSETCATALOG_COMPILER_GENERATE_SWIFT_ASSET_SYMBOL_EXTENSIONS = YES;
				CLANG_ANALYZER_NONNULL = YES;
				CLANG_ANALYZER_NUMBER_OBJECT_CONVERSION = YES_AGGRESSIVE;
				CLANG_CXX_LANGUAGE_STANDARD = "gnu++20";
				CLANG_ENABLE_MODULES = YES;
				CLANG_ENABLE_OBJC_ARC = YES;
				CLANG_ENABLE_OBJC_WEAK = YES;
				CLANG_WARN_BLOCK_CAPTURE_AUTORELEASING = YES;
				CLANG_WARN_BOOL_CONVERSION = YES;
				CLANG_WARN_COMMA = YES;
				CLANG_WARN_CONSTANT_CONVERSION = YES;
				CLANG_WARN_DEPRECATED_OBJC_IMPLEMENTATIONS = YES;
				CLANG_WARN_DIRECT_OBJC_ISA_USAGE = YES_ERROR;
				CLANG_WARN_DOCUMENTATION_COMMENTS = YES;
				CLANG_WARN_EMPTY_BODY = YES;
				CLANG_WARN_ENUM_CONVERSION = YES;
				CLANG_WARN_INFINITE_RECURSION = YES;
				CLANG_WARN_INT_CONVERSION = YES;
				CLANG_WARN_NON_LITERAL_NULL_CONVERSION = YES;
				CLANG_WARN_OBJC_IMPLICIT_RETAIN_SELF = YES;
				CLANG_WARN_OBJC_LITERAL_CONVERSION = YES;
				CLANG_WARN_OBJC_ROOT_CLASS = YES_ERROR;
				CLANG_WARN_QUOTED_INCLUDE_IN_FRAMEWORK_HEADER = YES;
				CLANG_WARN_RANGE_LOOP_ANALYSIS = YES;
				CLANG_WARN_STRICT_PROTOTYPES = YES;
				CLANG_WARN_SUSPICIOUS_MOVE = YES;
				CLANG_WARN_UNGUARDED_AVAILABILITY = YES_AGGRESSIVE;
				CLANG_WARN_UNREACHABLE_CODE = YES;
				CLANG_WARN__DUPLICATE_METHOD_MATCH = YES;
				COPY_PHASE_STRIP = NO;
				DEBUG_INFORMATION_FORMAT = dwarf;
				ENABLE_STRICT_OBJC_MSGSEND = YES;
				ENABLE_TESTABILITY = YES;
				ENABLE_USER_SCRIPT_SANDBOXING = YES;
				GCC_C_LANGUAGE_STANDARD = gnu17;
				GCC_DYNAMIC_NO_PIC = NO;
				GCC_NO_COMMON_BLOCKS = YES;
				GCC_OPTIMIZATION_LEVEL = 0;
				GCC_PREPROCESSOR_DEFINITIONS = (
					"DEBUG=1",
					"$(inherited)",
				);
				GCC_WARN_64_TO_32_BIT_CONVERSION = YES;
				GCC_WARN_ABOUT_RETURN_TYPE = YES_ERROR;
				GCC_WARN_UNDECLARED_SELECTOR = YES;
				GCC_WARN_UNINITIALIZED_AUTOS = YES_AGGRESSIVE;
				GCC_WARN_UNUSED_FUNCTION = YES;
				GCC_WARN_UNUSED_VARIABLE = YES;
				LOCALIZATION_PREFERS_STRING_CATALOGS = YES;
				MACOSX_DEPLOYMENT_TARGET = 14.5;
				MTL_ENABLE_DEBUG_INFO = INCLUDE_SOURCE;
				MTL_FAST_MATH = YES;
				ONLY_ACTIVE_ARCH = YES;
				SDKROOT = macosx;
				SWIFT_ACTIVE_COMPILATION_CONDITIONS = "DEBUG $(inherited)";
				SWIFT_OPTIMIZATION_LEVEL = "-Onone";
			};
			name = Debug;
		};
		C170E3432C3B323500127664 /* Release */ = {
			isa = XCBuildConfiguration;
			buildSettings = {
				ALWAYS_SEARCH_USER_PATHS = NO;
				ASSETCATALOG_COMPILER_GENERATE_SWIFT_ASSET_SYMBOL_EXTENSIONS = YES;
				CLANG_ANALYZER_NONNULL = YES;
				CLANG_ANALYZER_NUMBER_OBJECT_CONVERSION = YES_AGGRESSIVE;
				CLANG_CXX_LANGUAGE_STANDARD = "gnu++20";
				CLANG_ENABLE_MODULES = YES;
				CLANG_ENABLE_OBJC_ARC = YES;
				CLANG_ENABLE_OBJC_WEAK = YES;
				CLANG_WARN_BLOCK_CAPTURE_AUTORELEASING = YES;
				CLANG_WARN_BOOL_CONVERSION = YES;
				CLANG_WARN_COMMA = YES;
				CLANG_WARN_CONSTANT_CONVERSION = YES;
				CLANG_WARN_DEPRECATED_OBJC_IMPLEMENTATIONS = YES;
				CLANG_WARN_DIRECT_OBJC_ISA_USAGE = YES_ERROR;
				CLANG_WARN_DOCUMENTATION_COMMENTS = YES;
				CLANG_WARN_EMPTY_BODY = YES;
				CLANG_WARN_ENUM_CONVERSION = YES;
				CLANG_WARN_INFINITE_RECURSION = YES;
				CLANG_WARN_INT_CONVERSION = YES;
				CLANG_WARN_NON_LITERAL_NULL_CONVERSION = YES;
				CLANG_WARN_OBJC_IMPLICIT_RETAIN_SELF = YES;
				CLANG_WARN_OBJC_LITERAL_CONVERSION = YES;
				CLANG_WARN_OBJC_ROOT_CLASS = YES_ERROR;
				CLANG_WARN_QUOTED_INCLUDE_IN_FRAMEWORK_HEADER = YES;
				CLANG_WARN_RANGE_LOOP_ANALYSIS = YES;
				CLANG_WARN_STRICT_PROTOTYPES = YES;
				CLANG_WARN_SUSPICIOUS_MOVE = YES;
				CLANG_WARN_UNGUARDED_AVAILABILITY = YES_AGGRESSIVE;
				CLANG_WARN_UNREACHABLE_CODE = YES;
				CLANG_WARN__DUPLICATE_METHOD_MATCH = YES;
				COPY_PHASE_STRIP = NO;
				DEBUG_INFORMATION_FORMAT = "dwarf-with-dsym";
				ENABLE_NS_ASSERTIONS = NO;
				ENABLE_STRICT_OBJC_MSGSEND = YES;
				ENABLE_USER_SCRIPT_SANDBOXING = YES;
				GCC_C_LANGUAGE_STANDARD = gnu17;
				GCC_NO_COMMON_BLOCKS = YES;
				GCC_WARN_64_TO_32_BIT_CONVERSION = YES;
				GCC_WARN_ABOUT_RETURN_TYPE = YES_ERROR;
				GCC_WARN_UNDECLARED_SELECTOR = YES;
				GCC_WARN_UNINITIALIZED_AUTOS = YES_AGGRESSIVE;
				GCC_WARN_UNUSED_FUNCTION = YES;
				GCC_WARN_UNUSED_VARIABLE = YES;
				LOCALIZATION_PREFERS_STRING_CATALOGS = YES;
				MACOSX_DEPLOYMENT_TARGET = 14.5;
				MTL_ENABLE_DEBUG_INFO = NO;
				MTL_FAST_MATH = YES;
				SDKROOT = macosx;
				SWIFT_COMPILATION_MODE = wholemodule;
			};
			name = Release;
		};
		C170E3452C3B323500127664 /* Debug */ = {
			isa = XCBuildConfiguration;
			buildSettings = {
				ASSETCATALOG_COMPILER_APPICON_NAME = AppIcon;
				ASSETCATALOG_COMPILER_GLOBAL_ACCENT_COLOR_NAME = AccentColor;
				CODE_SIGN_ENTITLEMENTS = KeepAwayk/KeepAwayk.entitlements;
				CODE_SIGN_STYLE = Automatic;
				COMBINE_HIDPI_IMAGES = YES;
				CURRENT_PROJECT_VERSION = 1;
				DEVELOPMENT_ASSET_PATHS = "\"KeepAwayk/Preview Content\"";
				DEVELOPMENT_TEAM = 28SGD9V9Q9;
				ENABLE_HARDENED_RUNTIME = YES;
				ENABLE_PREVIEWS = YES;
				GENERATE_INFOPLIST_FILE = YES;
				INFOPLIST_FILE = KeepAwayk/Info.plist;
				INFOPLIST_KEY_NSAppleEventsUsageDescription = "We need access to control the mouse for the app's functionality.";
				INFOPLIST_KEY_NSHumanReadableCopyright = "";
				LD_RUNPATH_SEARCH_PATHS = (
					"$(inherited)",
					"@executable_path/../Frameworks",
				);
				MACOSX_DEPLOYMENT_TARGET = 12.0;
				MARKETING_VERSION = 1.0;
				PRODUCT_BUNDLE_IDENTIFIER = com.doanworks.KeepAwayk;
				PRODUCT_NAME = "$(TARGET_NAME)";
				SWIFT_EMIT_LOC_STRINGS = YES;
				SWIFT_VERSION = 5.0;
			};
			name = Debug;
		};
		C170E3462C3B323500127664 /* Release */ = {
			isa = XCBuildConfiguration;
			buildSettings = {
				ASSETCATALOG_COMPILER_APPICON_NAME = AppIcon;
				ASSETCATALOG_COMPILER_GLOBAL_ACCENT_COLOR_NAME = AccentColor;
				CODE_SIGN_ENTITLEMENTS = KeepAwayk/KeepAwayk.entitlements;
				CODE_SIGN_STYLE = Automatic;
				COMBINE_HIDPI_IMAGES = YES;
				CURRENT_PROJECT_VERSION = 1;
				DEVELOPMENT_ASSET_PATHS = "\"KeepAwayk/Preview Content\"";
				DEVELOPMENT_TEAM = 28SGD9V9Q9;
				ENABLE_HARDENED_RUNTIME = YES;
				ENABLE_PREVIEWS = YES;
				GENERATE_INFOPLIST_FILE = YES;
				INFOPLIST_FILE = KeepAwayk/Info.plist;
				INFOPLIST_KEY_NSAppleEventsUsageDescription = "We need access to control the mouse for the app's functionality.";
				INFOPLIST_KEY_NSHumanReadableCopyright = "";
				LD_RUNPATH_SEARCH_PATHS = (
					"$(inherited)",
					"@executable_path/../Frameworks",
				);
				MACOSX_DEPLOYMENT_TARGET = 12.0;
				MARKETING_VERSION = 1.0;
				PRODUCT_BUNDLE_IDENTIFIER = com.doanworks.KeepAwayk;
				PRODUCT_NAME = "$(TARGET_NAME)";
				SWIFT_EMIT_LOC_STRINGS = YES;
				SWIFT_VERSION = 5.0;
			};
			name = Release;
		};
		C170E3482C3B323500127664 /* Debug */ = {
			isa = XCBuildConfiguration;
			buildSettings = {
				ALWAYS_EMBED_SWIFT_STANDARD_LIBRARIES = YES;
				BUNDLE_LOADER = "$(TEST_HOST)";
				CODE_SIGN_STYLE = Automatic;
				CURRENT_PROJECT_VERSION = 1;
				DEVELOPMENT_TEAM = 28SGD9V9Q9;
				GENERATE_INFOPLIST_FILE = YES;
				MACOSX_DEPLOYMENT_TARGET = 14.5;
				MARKETING_VERSION = 1.0;
				PRODUCT_BUNDLE_IDENTIFIER = com.doanworks.KeepAwaykTests;
				PRODUCT_NAME = "$(TARGET_NAME)";
				SWIFT_EMIT_LOC_STRINGS = NO;
				SWIFT_VERSION = 5.0;
				TEST_HOST = "$(BUILT_PRODUCTS_DIR)/KeepAwayk.app/$(BUNDLE_EXECUTABLE_FOLDER_PATH)/KeepAwayk";
			};
			name = Debug;
		};
		C170E3492C3B323500127664 /* Release */ = {
			isa = XCBuildConfiguration;
			buildSettings = {
				ALWAYS_EMBED_SWIFT_STANDARD_LIBRARIES = YES;
				BUNDLE_LOADER = "$(TEST_HOST)";
				CODE_SIGN_STYLE = Automatic;
				CURRENT_PROJECT_VERSION = 1;
				DEVELOPMENT_TEAM = 28SGD9V9Q9;
				GENERATE_INFOPLIST_FILE = YES;
				MACOSX_DEPLOYMENT_TARGET = 14.5;
				MARKETING_VERSION = 1.0;
				PRODUCT_BUNDLE_IDENTIFIER = com.doanworks.KeepAwaykTests;
				PRODUCT_NAME = "$(TARGET_NAME)";
				SWIFT_EMIT_LOC_STRINGS = NO;
				SWIFT_VERSION = 5.0;
				TEST_HOST = "$(BUILT_PRODUCTS_DIR)/KeepAwayk.app/$(BUNDLE_EXECUTABLE_FOLDER_PATH)/KeepAwayk";
			};
			name = Release;
		};
		C170E34B2C3B323500127664 /* Debug */ = {
			isa = XCBuildConfiguration;
			buildSettings = {
				ALWAYS_EMBED_SWIFT_STANDARD_LIBRARIES = YES;
				CODE_SIGN_STYLE = Automatic;
				CURRENT_PROJECT_VERSION = 1;
				DEVELOPMENT_TEAM = 28SGD9V9Q9;
				GENERATE_INFOPLIST_FILE = YES;
				MARKETING_VERSION = 1.0;
				PRODUCT_BUNDLE_IDENTIFIER = com.doanworks.KeepAwaykUITests;
				PRODUCT_NAME = "$(TARGET_NAME)";
				SWIFT_EMIT_LOC_STRINGS = NO;
				SWIFT_VERSION = 5.0;
				TEST_TARGET_NAME = KeepAwayk;
			};
			name = Debug;
		};
		C170E34C2C3B323500127664 /* Release */ = {
			isa = XCBuildConfiguration;
			buildSettings = {
				ALWAYS_EMBED_SWIFT_STANDARD_LIBRARIES = YES;
				CODE_SIGN_STYLE = Automatic;
				CURRENT_PROJECT_VERSION = 1;
				DEVELOPMENT_TEAM = 28SGD9V9Q9;
				GENERATE_INFOPLIST_FILE = YES;
				MARKETING_VERSION = 1.0;
				PRODUCT_BUNDLE_IDENTIFIER = com.doanworks.KeepAwaykUITests;
				PRODUCT_NAME = "$(TARGET_NAME)";
				SWIFT_EMIT_LOC_STRINGS = NO;
				SWIFT_VERSION = 5.0;
				TEST_TARGET_NAME = KeepAwayk;
			};
			name = Release;
		};
/* End XCBuildConfiguration section */

/* Begin XCConfigurationList section */
		C170E31A2C3B323400127664 /* Build configuration list for PBXProject "KeepAwayk" */ = {
			isa = XCConfigurationList;
			buildConfigurations = (
				C170E3422C3B323500127664 /* Debug */,
				C170E3432C3B323500127664 /* Release */,
			);
			defaultConfigurationIsVisible = 0;
			defaultConfigurationName = Release;
		};
		C170E3442C3B323500127664 /* Build configuration list for PBXNativeTarget "KeepAwayk" */ = {
			isa = XCConfigurationList;
			buildConfigurations = (
				C170E3452C3B323500127664 /* Debug */,
				C170E3462C3B323500127664 /* Release */,
			);
			defaultConfigurationIsVisible = 0;
			defaultConfigurationName = Release;
		};
		C170E3472C3B323500127664 /* Build configuration list for PBXNativeTarget "KeepAwaykTests" */ = {
			isa = XCConfigurationList;
			buildConfigurations = (
				C170E3482C3B323500127664 /* Debug */,
				C170E3492C3B323500127664 /* Release */,
			);
			defaultConfigurationIsVisible = 0;
			defaultConfigurationName = Release;
		};
		C170E34A2C3B323500127664 /* Build configuration list for PBXNativeTarget "KeepAwaykUITests" */ = {
			isa = XCConfigurationList;
			buildConfigurations = (
				C170E34B2C3B323500127664 /* Debug */,
				C170E34C2C3B323500127664 /* Release */,
			);
			defaultConfigurationIsVisible = 0;
			defaultConfigurationName = Release;
		};
/* End XCConfigurationList section */
	};
	rootObject = C170E3172C3B323400127664 /* Project object */;
}
